<?xml version="1.0" encoding="UTF-8"?>
<CodeBlocks_project_file>
	<FileVersion major="1" minor="6"/>
	<Project>
		<Option title="zxProject"/>
		<Option makefile_is_custom="1"/>
		<Option compiler="gcc"/>
		<Option virtualFolders="CMake Files\;"/>
		<Build>
			<Target title="all">
				<Option working_dir="/home/zhouwei/projects/zxProject"/>
				<Option type="4"/>
				<MakeCommands>
					<Build command="/usr/bin/make -f &quot;/home/zhouwei/projects/zxProject/Makefile&quot;  VERBOSE=1 all"/>
					<CompileFile command="/usr/bin/make -f &quot;/home/zhouwei/projects/zxProject/Makefile&quot;  VERBOSE=1 &quot;$file&quot;"/>
					<Clean command="/usr/bin/make -f &quot;/home/zhouwei/projects/zxProject/Makefile&quot;  VERBOSE=1 clean"/>
					<DistClean command="/usr/bin/make -f &quot;/home/zhouwei/projects/zxProject/Makefile&quot;  VERBOSE=1 clean"/>
				</MakeCommands>
			</Target>
			<Target title="rebuild_cache">
				<Option working_dir="/home/zhouwei/projects/zxProject"/>
				<Option type="4"/>
				<MakeCommands>
					<Build command="/usr/bin/make -f &quot;/home/zhouwei/projects/zxProject/Makefile&quot;  VERBOSE=1 rebuild_cache"/>
					<CompileFile command="/usr/bin/make -f &quot;/home/zhouwei/projects/zxProject/Makefile&quot;  VERBOSE=1 &quot;$file&quot;"/>
					<Clean command="/usr/bin/make -f &quot;/home/zhouwei/projects/zxProject/Makefile&quot;  VERBOSE=1 clean"/>
					<DistClean command="/usr/bin/make -f &quot;/home/zhouwei/projects/zxProject/Makefile&quot;  VERBOSE=1 clean"/>
				</MakeCommands>
			</Target>
			<Target title="zxProject1">
				<Option output="/home/zhouwei/projects/zxProject/zxProject1" prefix_auto="0" extension_auto="0"/>
				<Option working_dir="/home/zhouwei/projects/zxProject"/>
				<Option object_output="./"/>
				<Option type="1"/>
				<Option compiler="gcc"/>
				<Compiler/>
				<MakeCommands>
					<Build command="/usr/bin/make -f &quot;/home/zhouwei/projects/zxProject/Makefile&quot;  VERBOSE=1 zxProject1"/>
					<CompileFile command="/usr/bin/make -f &quot;/home/zhouwei/projects/zxProject/Makefile&quot;  VERBOSE=1 &quot;$file&quot;"/>
					<Clean command="/usr/bin/make -f &quot;/home/zhouwei/projects/zxProject/Makefile&quot;  VERBOSE=1 clean"/>
					<DistClean command="/usr/bin/make -f &quot;/home/zhouwei/projects/zxProject/Makefile&quot;  VERBOSE=1 clean"/>
				</MakeCommands>
			</Target>
			<Target title="zxProject1/fast">
				<Option output="/home/zhouwei/projects/zxProject/zxProject1" prefix_auto="0" extension_auto="0"/>
				<Option working_dir="/home/zhouwei/projects/zxProject"/>
				<Option object_output="./"/>
				<Option type="1"/>
				<Option compiler="gcc"/>
				<Compiler/>
				<MakeCommands>
					<Build command="/usr/bin/make -f &quot;/home/zhouwei/projects/zxProject/Makefile&quot;  VERBOSE=1 zxProject1/fast"/>
					<CompileFile command="/usr/bin/make -f &quot;/home/zhouwei/projects/zxProject/Makefile&quot;  VERBOSE=1 &quot;$file&quot;"/>
					<Clean command="/usr/bin/make -f &quot;/home/zhouwei/projects/zxProject/Makefile&quot;  VERBOSE=1 clean"/>
					<DistClean command="/usr/bin/make -f &quot;/home/zhouwei/projects/zxProject/Makefile&quot;  VERBOSE=1 clean"/>
				</MakeCommands>
			</Target>
			<Target title="edit_cache">
				<Option working_dir="/home/zhouwei/projects/zxProject"/>
				<Option type="4"/>
				<MakeCommands>
					<Build command="/usr/bin/make -f &quot;/home/zhouwei/projects/zxProject/Makefile&quot;  VERBOSE=1 edit_cache"/>
					<CompileFile command="/usr/bin/make -f &quot;/home/zhouwei/projects/zxProject/Makefile&quot;  VERBOSE=1 &quot;$file&quot;"/>
					<Clean command="/usr/bin/make -f &quot;/home/zhouwei/projects/zxProject/Makefile&quot;  VERBOSE=1 clean"/>
					<DistClean command="/usr/bin/make -f &quot;/home/zhouwei/projects/zxProject/Makefile&quot;  VERBOSE=1 clean"/>
				</MakeCommands>
			</Target>
		</Build>
		<Unit filename="/home/zhouwei/projects/zxProject/Draw.cpp">
			<Option target="zxProject1"/>
		</Unit>
		<Unit filename="/home/zhouwei/projects/zxProject/Draw.h">
			<Option target="zxProject1"/>
		</Unit>
		<Unit filename="/home/zhouwei/projects/zxProject/base/ReadData.cpp">
			<Option target="zxProject1"/>
		</Unit>
		<Unit filename="/home/zhouwei/projects/zxProject/base/ReadData.h">
			<Option target="zxProject1"/>
		</Unit>
		<Unit filename="/home/zhouwei/projects/zxProject/base/Utils.cpp">
			<Option target="zxProject1"/>
		</Unit>
		<Unit filename="/home/zhouwei/projects/zxProject/base/Utils.h">
			<Option target="zxProject1"/>
		</Unit>
		<Unit filename="/home/zhouwei/projects/zxProject/base/WriteData.cpp">
			<Option target="zxProject1"/>
		</Unit>
		<Unit filename="/home/zhouwei/projects/zxProject/base/WriteData.h">
			<Option target="zxProject1"/>
		</Unit>
		<Unit filename="/home/zhouwei/projects/zxProject/main.cpp">
			<Option target="zxProject1"/>
		</Unit>
		<Unit filename="/home/zhouwei/projects/zxProject/CMakeLists.txt">
			<Option virtualFolder="CMake Files\"/>
		</Unit>
	</Project>
</CodeBlocks_project_file>
